
Microsoft Visual Studio Solution File, Format Version 12.00
# Visual Studio Version 17
VisualStudioVersion = 17.9.34714.143
MinimumVisualStudioVersion = 10.0.40219.1
Project("{9A19103F-16F7-4668-BE54-9A1E7A4F7556}") = "AlquilerAviones", "AlquilerAviones\AlquilerAviones.csproj", "{C237D087-454B-489F-B563-A3267C512676}"
EndProject
Project("{FAE04EC0-301F-11D3-BF4B-00C04F79EFBC}") = "AlquilerAviones.Tests", "AlquilerAviones.Tests\AlquilerAviones.Tests.csproj", "{F9EB418B-4F4B-4954-8B6E-45AD365653CC}"
EndProject
Global
	GlobalSection(SolutionConfigurationPlatforms) = preSolution
		Debug|Any CPU = Debug|Any CPU
		Release|Any CPU = Release|Any CPU
	EndGlobalSection
	GlobalSection(ProjectConfigurationPlatforms) = postSolution
		{C237D087-454B-489F-B563-A3267C512676}.Debug|Any CPU.ActiveCfg = Debug|Any CPU
		{C237D087-454B-489F-B563-A3267C512676}.Debug|Any CPU.Build.0 = Debug|Any CPU
		{C237D087-454B-489F-B563-A3267C512676}.Release|Any CPU.ActiveCfg = Release|Any CPU
		{C237D087-454B-489F-B563-A3267C512676}.Release|Any CPU.Build.0 = Release|Any CPU
		{F9EB418B-4F4B-4954-8B6E-45AD365653CC}.Debug|Any CPU.ActiveCfg = Debug|Any CPU
		{F9EB418B-4F4B-4954-8B6E-45AD365653CC}.Debug|Any CPU.Build.0 = Debug|Any CPU
		{F9EB418B-4F4B-4954-8B6E-45AD365653CC}.Release|Any CPU.ActiveCfg = Release|Any CPU
		{F9EB418B-4F4B-4954-8B6E-45AD365653CC}.Release|Any CPU.Build.0 = Release|Any CPU
	EndGlobalSection
	GlobalSection(SolutionProperties) = preSolution
		HideSolutionNode = FALSE
	EndGlobalSection
	GlobalSection(ExtensibilityGlobals) = postSolution
		SolutionGuid = {3D464A62-C2EE-41C8-BE15-A7A14277013F}
	EndGlobalSection
EndGlobal
